// !$*UTF8*$!
{
	archiveVersion = 1;
	classes = {
	};
	objectVersion = 46;
	objects = {

/* Begin PBXBuildFile section */
		A36FA94A18A4026E002DCF8C /* Product.m in Sources */ = {isa = PBXBuildFile; fileRef = A36FA94918A4026E002DCF8C /* Product.m */; };
		A36FA94D18A4026F002DCF8C /* ShoppingItem.m in Sources */ = {isa = PBXBuildFile; fileRef = A36FA94C18A4026F002DCF8C /* ShoppingItem.m */; };
		A36FA95018A4026F002DCF8C /* ShoppingList.m in Sources */ = {isa = PBXBuildFile; fileRef = A36FA94F18A4026F002DCF8C /* ShoppingList.m */; };
		A36FA95318A40375002DCF8C /* ShoppingListsViewController.m in Sources */ = {isa = PBXBuildFile; fileRef = A36FA95218A40375002DCF8C /* ShoppingListsViewController.m */; };
		A38E64AB18C612EB001AAD50 /* MOOCreateView.m in Sources */ = {isa = PBXBuildFile; fileRef = A38E649B18C612EB001AAD50 /* MOOCreateView.m */; };
		A38E64AC18C612EB001AAD50 /* MOOPullGestureRecognizer.m in Sources */ = {isa = PBXBuildFile; fileRef = A38E649D18C612EB001AAD50 /* MOOPullGestureRecognizer.m */; };
		A38E64AD18C612EB001AAD50 /* MOORefreshView.m in Sources */ = {isa = PBXBuildFile; fileRef = A38E64A018C612EB001AAD50 /* MOORefreshView.m */; };
		A38E64AE18C612EB001AAD50 /* Arrow-Bucket.png in Resources */ = {isa = PBXBuildFile; fileRef = A38E64A318C612EB001AAD50 /* Arrow-Bucket.png */; };
		A38E64AF18C612EB001AAD50 /* Arrow-Bucket@2x.png in Resources */ = {isa = PBXBuildFile; fileRef = A38E64A418C612EB001AAD50 /* Arrow-Bucket@2x.png */; };
		A38E64B018C612EB001AAD50 /* Circle-Arrow.png in Resources */ = {isa = PBXBuildFile; fileRef = A38E64A518C612EB001AAD50 /* Circle-Arrow.png */; };
		A38E64B118C612EB001AAD50 /* Circle-Arrow@2x.png in Resources */ = {isa = PBXBuildFile; fileRef = A38E64A618C612EB001AAD50 /* Circle-Arrow@2x.png */; };
		A38E64B218C612EB001AAD50 /* MOOPullGesture.strings in Resources */ = {isa = PBXBuildFile; fileRef = A38E64A718C612EB001AAD50 /* MOOPullGesture.strings */; };
		A38E64B418C6130D001AAD50 /* QuartzCore.framework in Frameworks */ = {isa = PBXBuildFile; fileRef = A38E64B318C6130D001AAD50 /* QuartzCore.framework */; };
		A3D0874418A3DC230087FF64 /* Foundation.framework in Frameworks */ = {isa = PBXBuildFile; fileRef = A3D0874318A3DC230087FF64 /* Foundation.framework */; };
		A3D0874618A3DC230087FF64 /* CoreGraphics.framework in Frameworks */ = {isa = PBXBuildFile; fileRef = A3D0874518A3DC230087FF64 /* CoreGraphics.framework */; };
		A3D0874818A3DC230087FF64 /* UIKit.framework in Frameworks */ = {isa = PBXBuildFile; fileRef = A3D0874718A3DC230087FF64 /* UIKit.framework */; };
		A3D0874A18A3DC230087FF64 /* CoreData.framework in Frameworks */ = {isa = PBXBuildFile; fileRef = A3D0874918A3DC230087FF64 /* CoreData.framework */; };
		A3D0875018A3DC230087FF64 /* InfoPlist.strings in Resources */ = {isa = PBXBuildFile; fileRef = A3D0874E18A3DC230087FF64 /* InfoPlist.strings */; };
		A3D0875218A3DC240087FF64 /* main.m in Sources */ = {isa = PBXBuildFile; fileRef = A3D0875118A3DC240087FF64 /* main.m */; };
		A3D0875618A3DC240087FF64 /* AppDelegate.m in Sources */ = {isa = PBXBuildFile; fileRef = A3D0875518A3DC240087FF64 /* AppDelegate.m */; };
		A3D0875B18A3DC240087FF64 /* Images.xcassets in Resources */ = {isa = PBXBuildFile; fileRef = A3D0875A18A3DC240087FF64 /* Images.xcassets */; };
		A3D0876218A3DC240087FF64 /* XCTest.framework in Frameworks */ = {isa = PBXBuildFile; fileRef = A3D0876118A3DC240087FF64 /* XCTest.framework */; };
		A3D0876318A3DC240087FF64 /* Foundation.framework in Frameworks */ = {isa = PBXBuildFile; fileRef = A3D0874318A3DC230087FF64 /* Foundation.framework */; };
		A3D0876418A3DC240087FF64 /* UIKit.framework in Frameworks */ = {isa = PBXBuildFile; fileRef = A3D0874718A3DC230087FF64 /* UIKit.framework */; };
		A3D0876518A3DC240087FF64 /* CoreData.framework in Frameworks */ = {isa = PBXBuildFile; fileRef = A3D0874918A3DC230087FF64 /* CoreData.framework */; };
		A3D0876D18A3DC240087FF64 /* InfoPlist.strings in Resources */ = {isa = PBXBuildFile; fileRef = A3D0876B18A3DC240087FF64 /* InfoPlist.strings */; };
		A3D0876F18A3DC240087FF64 /* Shopping_ListTests.m in Sources */ = {isa = PBXBuildFile; fileRef = A3D0876E18A3DC240087FF64 /* Shopping_ListTests.m */; };
		A3D0877A18A3DE0D0087FF64 /* ProductListViewController.m in Sources */ = {isa = PBXBuildFile; fileRef = A3D0877918A3DE0C0087FF64 /* ProductListViewController.m */; };
		A3D0878618A3ECD50087FF64 /* Shopping_List.xcdatamodeld in Sources */ = {isa = PBXBuildFile; fileRef = A3D0878318A3ECD50087FF64 /* Shopping_List.xcdatamodeld */; };
		A3E4C45618A840E800815144 /* SelectItemsViewController.m in Sources */ = {isa = PBXBuildFile; fileRef = A3E4C45418A840E800815144 /* SelectItemsViewController.m */; };
		A3E4C45A18A8620D00815144 /* ListViewController.m in Sources */ = {isa = PBXBuildFile; fileRef = A3E4C45918A8620D00815144 /* ListViewController.m */; };
		A3EE14EC18B1587400B5BB6D /* cart@2x.png in Resources */ = {isa = PBXBuildFile; fileRef = A3EE14EA18B1587400B5BB6D /* cart@2x.png */; };
		A3EE14ED18B1587400B5BB6D /* product@2x.png in Resources */ = {isa = PBXBuildFile; fileRef = A3EE14EB18B1587400B5BB6D /* product@2x.png */; };
		A3EE14F018B259BC00B5BB6D /* SelectListViewController.m in Sources */ = {isa = PBXBuildFile; fileRef = A3EE14EF18B259BC00B5BB6D /* SelectListViewController.m */; };
/* End PBXBuildFile section */

/* Begin PBXContainerItemProxy section */
		A3D0876618A3DC240087FF64 /* PBXContainerItemProxy */ = {
			isa = PBXContainerItemProxy;
			containerPortal = A3D0873818A3DC230087FF64 /* Project object */;
			proxyType = 1;
			remoteGlobalIDString = A3D0873F18A3DC230087FF64;
			remoteInfo = "Shopping List";
		};
/* End PBXContainerItemProxy section */

/* Begin PBXFileReference section */
		A36FA94818A4026E002DCF8C /* Product.h */ = {isa = PBXFileReference; fileEncoding = 4; lastKnownFileType = sourcecode.c.h; path = Product.h; sourceTree = "<group>"; };
		A36FA94918A4026E002DCF8C /* Product.m */ = {isa = PBXFileReference; fileEncoding = 4; lastKnownFileType = sourcecode.c.objc; path = Product.m; sourceTree = "<group>"; };
		A36FA94B18A4026F002DCF8C /* ShoppingItem.h */ = {isa = PBXFileReference; fileEncoding = 4; lastKnownFileType = sourcecode.c.h; path = ShoppingItem.h; sourceTree = "<group>"; };
		A36FA94C18A4026F002DCF8C /* ShoppingItem.m */ = {isa = PBXFileReference; fileEncoding = 4; lastKnownFileType = sourcecode.c.objc; path = ShoppingItem.m; sourceTree = "<group>"; };
		A36FA94E18A4026F002DCF8C /* ShoppingList.h */ = {isa = PBXFileReference; fileEncoding = 4; lastKnownFileType = sourcecode.c.h; path = ShoppingList.h; sourceTree = "<group>"; };
		A36FA94F18A4026F002DCF8C /* ShoppingList.m */ = {isa = PBXFileReference; fileEncoding = 4; lastKnownFileType = sourcecode.c.objc; path = ShoppingList.m; sourceTree = "<group>"; };
		A36FA95118A40375002DCF8C /* ShoppingListsViewController.h */ = {isa = PBXFileReference; fileEncoding = 4; lastKnownFileType = sourcecode.c.h; path = ShoppingListsViewController.h; sourceTree = "<group>"; };
		A36FA95218A40375002DCF8C /* ShoppingListsViewController.m */ = {isa = PBXFileReference; fileEncoding = 4; lastKnownFileType = sourcecode.c.objc; path = ShoppingListsViewController.m; sourceTree = "<group>"; };
		A38E649A18C612EB001AAD50 /* MOOCreateView.h */ = {isa = PBXFileReference; fileEncoding = 4; lastKnownFileType = sourcecode.c.h; path = MOOCreateView.h; sourceTree = "<group>"; };
		A38E649B18C612EB001AAD50 /* MOOCreateView.m */ = {isa = PBXFileReference; fileEncoding = 4; lastKnownFileType = sourcecode.c.objc; path = MOOCreateView.m; sourceTree = "<group>"; };
		A38E649C18C612EB001AAD50 /* MOOPullGestureRecognizer.h */ = {isa = PBXFileReference; fileEncoding = 4; lastKnownFileType = sourcecode.c.h; path = MOOPullGestureRecognizer.h; sourceTree = "<group>"; };
		A38E649D18C612EB001AAD50 /* MOOPullGestureRecognizer.m */ = {isa = PBXFileReference; fileEncoding = 4; lastKnownFileType = sourcecode.c.objc; path = MOOPullGestureRecognizer.m; sourceTree = "<group>"; };
		A38E649E18C612EB001AAD50 /* MOOPullGestureRecognizerSubclass.h */ = {isa = PBXFileReference; fileEncoding = 4; lastKnownFileType = sourcecode.c.h; path = MOOPullGestureRecognizerSubclass.h; sourceTree = "<group>"; };
		A38E649F18C612EB001AAD50 /* MOORefreshView.h */ = {isa = PBXFileReference; fileEncoding = 4; lastKnownFileType = sourcecode.c.h; path = MOORefreshView.h; sourceTree = "<group>"; };
		A38E64A018C612EB001AAD50 /* MOORefreshView.m */ = {isa = PBXFileReference; fileEncoding = 4; lastKnownFileType = sourcecode.c.objc; path = MOORefreshView.m; sourceTree = "<group>"; };
		A38E64A118C612EB001AAD50 /* MOOTriggerView.h */ = {isa = PBXFileReference; fileEncoding = 4; lastKnownFileType = sourcecode.c.h; path = MOOTriggerView.h; sourceTree = "<group>"; };
		A38E64A318C612EB001AAD50 /* Arrow-Bucket.png */ = {isa = PBXFileReference; lastKnownFileType = image.png; path = "Arrow-Bucket.png"; sourceTree = "<group>"; };
		A38E64A418C612EB001AAD50 /* Arrow-Bucket@2x.png */ = {isa = PBXFileReference; lastKnownFileType = image.png; path = "Arrow-Bucket@2x.png"; sourceTree = "<group>"; };
		A38E64A518C612EB001AAD50 /* Circle-Arrow.png */ = {isa = PBXFileReference; lastKnownFileType = image.png; path = "Circle-Arrow.png"; sourceTree = "<group>"; };
		A38E64A618C612EB001AAD50 /* Circle-Arrow@2x.png */ = {isa = PBXFileReference; lastKnownFileType = image.png; path = "Circle-Arrow@2x.png"; sourceTree = "<group>"; };
		A38E64A818C612EB001AAD50 /* en */ = {isa = PBXFileReference; lastKnownFileType = text.plist.strings; name = en; path = en.lproj/MOOPullGesture.strings; sourceTree = "<group>"; };
		A38E64A918C612EB001AAD50 /* es */ = {isa = PBXFileReference; lastKnownFileType = text.plist.strings; name = es; path = es.lproj/MOOPullGesture.strings; sourceTree = "<group>"; };
		A38E64AA18C612EB001AAD50 /* ru */ = {isa = PBXFileReference; lastKnownFileType = text.plist.strings; name = ru; path = ru.lproj/MOOPullGesture.strings; sourceTree = "<group>"; };
		A38E64B318C6130D001AAD50 /* QuartzCore.framework */ = {isa = PBXFileReference; lastKnownFileType = wrapper.framework; name = QuartzCore.framework; path = System/Library/Frameworks/QuartzCore.framework; sourceTree = SDKROOT; };
		A3D0874018A3DC230087FF64 /* Shopping List.app */ = {isa = PBXFileReference; explicitFileType = wrapper.application; includeInIndex = 0; path = "Shopping List.app"; sourceTree = BUILT_PRODUCTS_DIR; };
		A3D0874318A3DC230087FF64 /* Foundation.framework */ = {isa = PBXFileReference; lastKnownFileType = wrapper.framework; name = Foundation.framework; path = System/Library/Frameworks/Foundation.framework; sourceTree = SDKROOT; };
		A3D0874518A3DC230087FF64 /* CoreGraphics.framework */ = {isa = PBXFileReference; lastKnownFileType = wrapper.framework; name = CoreGraphics.framework; path = System/Library/Frameworks/CoreGraphics.framework; sourceTree = SDKROOT; };
		A3D0874718A3DC230087FF64 /* UIKit.framework */ = {isa = PBXFileReference; lastKnownFileType = wrapper.framework; name = UIKit.framework; path = System/Library/Frameworks/UIKit.framework; sourceTree = SDKROOT; };
		A3D0874918A3DC230087FF64 /* CoreData.framework */ = {isa = PBXFileReference; lastKnownFileType = wrapper.framework; name = CoreData.framework; path = System/Library/Frameworks/CoreData.framework; sourceTree = SDKROOT; };
		A3D0874D18A3DC230087FF64 /* Shopping List-Info.plist */ = {isa = PBXFileReference; lastKnownFileType = text.plist.xml; path = "Shopping List-Info.plist"; sourceTree = "<group>"; };
		A3D0874F18A3DC230087FF64 /* en */ = {isa = PBXFileReference; lastKnownFileType = text.plist.strings; name = en; path = en.lproj/InfoPlist.strings; sourceTree = "<group>"; };
		A3D0875118A3DC240087FF64 /* main.m */ = {isa = PBXFileReference; lastKnownFileType = sourcecode.c.objc; path = main.m; sourceTree = "<group>"; };
		A3D0875318A3DC240087FF64 /* Shopping List-Prefix.pch */ = {isa = PBXFileReference; lastKnownFileType = sourcecode.c.h; path = "Shopping List-Prefix.pch"; sourceTree = "<group>"; };
		A3D0875418A3DC240087FF64 /* AppDelegate.h */ = {isa = PBXFileReference; lastKnownFileType = sourcecode.c.h; path = AppDelegate.h; sourceTree = "<group>"; };
		A3D0875518A3DC240087FF64 /* AppDelegate.m */ = {isa = PBXFileReference; lastKnownFileType = sourcecode.c.objc; path = AppDelegate.m; sourceTree = "<group>"; };
		A3D0875A18A3DC240087FF64 /* Images.xcassets */ = {isa = PBXFileReference; lastKnownFileType = folder.assetcatalog; path = Images.xcassets; sourceTree = "<group>"; };
		A3D0876018A3DC240087FF64 /* Shopping ListTests.xctest */ = {isa = PBXFileReference; explicitFileType = wrapper.cfbundle; includeInIndex = 0; path = "Shopping ListTests.xctest"; sourceTree = BUILT_PRODUCTS_DIR; };
		A3D0876118A3DC240087FF64 /* XCTest.framework */ = {isa = PBXFileReference; lastKnownFileType = wrapper.framework; name = XCTest.framework; path = Library/Frameworks/XCTest.framework; sourceTree = DEVELOPER_DIR; };
		A3D0876A18A3DC240087FF64 /* Shopping ListTests-Info.plist */ = {isa = PBXFileReference; lastKnownFileType = text.plist.xml; path = "Shopping ListTests-Info.plist"; sourceTree = "<group>"; };
		A3D0876C18A3DC240087FF64 /* en */ = {isa = PBXFileReference; lastKnownFileType = text.plist.strings; name = en; path = en.lproj/InfoPlist.strings; sourceTree = "<group>"; };
		A3D0876E18A3DC240087FF64 /* Shopping_ListTests.m */ = {isa = PBXFileReference; lastKnownFileType = sourcecode.c.objc; path = Shopping_ListTests.m; sourceTree = "<group>"; };
		A3D0877818A3DE0C0087FF64 /* ProductListViewController.h */ = {isa = PBXFileReference; fileEncoding = 4; lastKnownFileType = sourcecode.c.h; path = ProductListViewController.h; sourceTree = "<group>"; };
		A3D0877918A3DE0C0087FF64 /* ProductListViewController.m */ = {isa = PBXFileReference; fileEncoding = 4; lastKnownFileType = sourcecode.c.objc; path = ProductListViewController.m; sourceTree = "<group>"; };
		A3D0878418A3ECD50087FF64 /* Shopping_List 2.xcdatamodel */ = {isa = PBXFileReference; lastKnownFileType = wrapper.xcdatamodel; path = "Shopping_List 2.xcdatamodel"; sourceTree = "<group>"; };
		A3D0878518A3ECD50087FF64 /* Shopping_List.xcdatamodel */ = {isa = PBXFileReference; lastKnownFileType = wrapper.xcdatamodel; path = Shopping_List.xcdatamodel; sourceTree = "<group>"; };
		A3E4C45318A840E800815144 /* SelectItemsViewController.h */ = {isa = PBXFileReference; fileEncoding = 4; lastKnownFileType = sourcecode.c.h; path = SelectItemsViewController.h; sourceTree = "<group>"; };
		A3E4C45418A840E800815144 /* SelectItemsViewController.m */ = {isa = PBXFileReference; fileEncoding = 4; lastKnownFileType = sourcecode.c.objc; path = SelectItemsViewController.m; sourceTree = "<group>"; };
		A3E4C45818A8620D00815144 /* ListViewController.h */ = {isa = PBXFileReference; fileEncoding = 4; lastKnownFileType = sourcecode.c.h; path = ListViewController.h; sourceTree = "<group>"; };
		A3E4C45918A8620D00815144 /* ListViewController.m */ = {isa = PBXFileReference; fileEncoding = 4; lastKnownFileType = sourcecode.c.objc; path = ListViewController.m; sourceTree = "<group>"; };
		A3EE14EA18B1587400B5BB6D /* cart@2x.png */ = {isa = PBXFileReference; lastKnownFileType = image.png; name = "cart@2x.png"; path = "Shopping List/cart@2x.png"; sourceTree = "<group>"; };
		A3EE14EB18B1587400B5BB6D /* product@2x.png */ = {isa = PBXFileReference; lastKnownFileType = image.png; name = "product@2x.png"; path = "Shopping List/product@2x.png"; sourceTree = "<group>"; };
		A3EE14EE18B259BC00B5BB6D /* SelectListViewController.h */ = {isa = PBXFileReference; fileEncoding = 4; lastKnownFileType = sourcecode.c.h; path = SelectListViewController.h; sourceTree = "<group>"; };
		A3EE14EF18B259BC00B5BB6D /* SelectListViewController.m */ = {isa = PBXFileReference; fileEncoding = 4; lastKnownFileType = sourcecode.c.objc; path = SelectListViewController.m; sourceTree = "<group>"; };
/* End PBXFileReference section */

/* Begin PBXFrameworksBuildPhase section */
		A3D0873D18A3DC230087FF64 /* Frameworks */ = {
			isa = PBXFrameworksBuildPhase;
			buildActionMask = 2147483647;
			files = (
				A38E64B418C6130D001AAD50 /* QuartzCore.framework in Frameworks */,
				A3D0874618A3DC230087FF64 /* CoreGraphics.framework in Frameworks */,
				A3D0874A18A3DC230087FF64 /* CoreData.framework in Frameworks */,
				A3D0874818A3DC230087FF64 /* UIKit.framework in Frameworks */,
				A3D0874418A3DC230087FF64 /* Foundation.framework in Frameworks */,
			);
			runOnlyForDeploymentPostprocessing = 0;
		};
		A3D0875D18A3DC240087FF64 /* Frameworks */ = {
			isa = PBXFrameworksBuildPhase;
			buildActionMask = 2147483647;
			files = (
				A3D0876218A3DC240087FF64 /* XCTest.framework in Frameworks */,
				A3D0876518A3DC240087FF64 /* CoreData.framework in Frameworks */,
				A3D0876418A3DC240087FF64 /* UIKit.framework in Frameworks */,
				A3D0876318A3DC240087FF64 /* Foundation.framework in Frameworks */,
			);
			runOnlyForDeploymentPostprocessing = 0;
		};
/* End PBXFrameworksBuildPhase section */

/* Begin PBXGroup section */
		A38E649918C612EB001AAD50 /* MOOPullGesture */ = {
			isa = PBXGroup;
			children = (
				A38E649A18C612EB001AAD50 /* MOOCreateView.h */,
				A38E649B18C612EB001AAD50 /* MOOCreateView.m */,
				A38E649C18C612EB001AAD50 /* MOOPullGestureRecognizer.h */,
				A38E649D18C612EB001AAD50 /* MOOPullGestureRecognizer.m */,
				A38E649E18C612EB001AAD50 /* MOOPullGestureRecognizerSubclass.h */,
				A38E649F18C612EB001AAD50 /* MOORefreshView.h */,
				A38E64A018C612EB001AAD50 /* MOORefreshView.m */,
				A38E64A118C612EB001AAD50 /* MOOTriggerView.h */,
				A38E64A218C612EB001AAD50 /* Resources */,
			);
			path = MOOPullGesture;
			sourceTree = "<group>";
		};
		A38E64A218C612EB001AAD50 /* Resources */ = {
			isa = PBXGroup;
			children = (
				A38E64A318C612EB001AAD50 /* Arrow-Bucket.png */,
				A38E64A418C612EB001AAD50 /* Arrow-Bucket@2x.png */,
				A38E64A518C612EB001AAD50 /* Circle-Arrow.png */,
				A38E64A618C612EB001AAD50 /* Circle-Arrow@2x.png */,
				A38E64A718C612EB001AAD50 /* MOOPullGesture.strings */,
			);
			path = Resources;
			sourceTree = "<group>";
		};
		A3D0873718A3DC230087FF64 = {
			isa = PBXGroup;
			children = (
				A38E649918C612EB001AAD50 /* MOOPullGesture */,
				A3EE14EA18B1587400B5BB6D /* cart@2x.png */,
				A3EE14EB18B1587400B5BB6D /* product@2x.png */,
				A3D0874B18A3DC230087FF64 /* Shopping List */,
				A3D0876818A3DC240087FF64 /* Shopping ListTests */,
				A3D0874218A3DC230087FF64 /* Frameworks */,
				A3D0874118A3DC230087FF64 /* Products */,
			);
			sourceTree = "<group>";
		};
		A3D0874118A3DC230087FF64 /* Products */ = {
			isa = PBXGroup;
			children = (
				A3D0874018A3DC230087FF64 /* Shopping List.app */,
				A3D0876018A3DC240087FF64 /* Shopping ListTests.xctest */,
			);
			name = Products;
			sourceTree = "<group>";
		};
		A3D0874218A3DC230087FF64 /* Frameworks */ = {
			isa = PBXGroup;
			children = (
				A38E64B318C6130D001AAD50 /* QuartzCore.framework */,
				A3D0874318A3DC230087FF64 /* Foundation.framework */,
				A3D0874518A3DC230087FF64 /* CoreGraphics.framework */,
				A3D0874718A3DC230087FF64 /* UIKit.framework */,
				A3D0874918A3DC230087FF64 /* CoreData.framework */,
				A3D0876118A3DC240087FF64 /* XCTest.framework */,
			);
			name = Frameworks;
			sourceTree = "<group>";
		};
		A3D0874B18A3DC230087FF64 /* Shopping List */ = {
			isa = PBXGroup;
			children = (
				A36FA94E18A4026F002DCF8C /* ShoppingList.h */,
				A36FA94F18A4026F002DCF8C /* ShoppingList.m */,
				A36FA94B18A4026F002DCF8C /* ShoppingItem.h */,
				A36FA94C18A4026F002DCF8C /* ShoppingItem.m */,
				A36FA94818A4026E002DCF8C /* Product.h */,
				A36FA94918A4026E002DCF8C /* Product.m */,
				A3D0877818A3DE0C0087FF64 /* ProductListViewController.h */,
				A3D0877918A3DE0C0087FF64 /* ProductListViewController.m */,
				A36FA95118A40375002DCF8C /* ShoppingListsViewController.h */,
				A36FA95218A40375002DCF8C /* ShoppingListsViewController.m */,
				A3EE14EE18B259BC00B5BB6D /* SelectListViewController.h */,
				A3EE14EF18B259BC00B5BB6D /* SelectListViewController.m */,
				A3E4C45318A840E800815144 /* SelectItemsViewController.h */,
				A3E4C45418A840E800815144 /* SelectItemsViewController.m */,
				A3E4C45818A8620D00815144 /* ListViewController.h */,
				A3E4C45918A8620D00815144 /* ListViewController.m */,
				A3D0878318A3ECD50087FF64 /* Shopping_List.xcdatamodeld */,
				A3D0875418A3DC240087FF64 /* AppDelegate.h */,
				A3D0875518A3DC240087FF64 /* AppDelegate.m */,
				A3D0875A18A3DC240087FF64 /* Images.xcassets */,
				A3D0874C18A3DC230087FF64 /* Supporting Files */,
			);
			path = "Shopping List";
			sourceTree = "<group>";
		};
		A3D0874C18A3DC230087FF64 /* Supporting Files */ = {
			isa = PBXGroup;
			children = (
				A3D0874D18A3DC230087FF64 /* Shopping List-Info.plist */,
				A3D0874E18A3DC230087FF64 /* InfoPlist.strings */,
				A3D0875118A3DC240087FF64 /* main.m */,
				A3D0875318A3DC240087FF64 /* Shopping List-Prefix.pch */,
			);
			name = "Supporting Files";
			sourceTree = "<group>";
		};
		A3D0876818A3DC240087FF64 /* Shopping ListTests */ = {
			isa = PBXGroup;
			children = (
				A3D0876E18A3DC240087FF64 /* Shopping_ListTests.m */,
				A3D0876918A3DC240087FF64 /* Supporting Files */,
			);
			path = "Shopping ListTests";
			sourceTree = "<group>";
		};
		A3D0876918A3DC240087FF64 /* Supporting Files */ = {
			isa = PBXGroup;
			children = (
				A3D0876A18A3DC240087FF64 /* Shopping ListTests-Info.plist */,
				A3D0876B18A3DC240087FF64 /* InfoPlist.strings */,
			);
			name = "Supporting Files";
			sourceTree = "<group>";
		};
/* End PBXGroup section */

/* Begin PBXNativeTarget section */
		A3D0873F18A3DC230087FF64 /* Shopping List */ = {
			isa = PBXNativeTarget;
			buildConfigurationList = A3D0877218A3DC240087FF64 /* Build configuration list for PBXNativeTarget "Shopping List" */;
			buildPhases = (
				A3D0873C18A3DC230087FF64 /* Sources */,
				A3D0873D18A3DC230087FF64 /* Frameworks */,
				A3D0873E18A3DC230087FF64 /* Resources */,
			);
			buildRules = (
			);
			dependencies = (
			);
			name = "Shopping List";
			productName = "Shopping List";
			productReference = A3D0874018A3DC230087FF64 /* Shopping List.app */;
			productType = "com.apple.product-type.application";
		};
		A3D0875F18A3DC240087FF64 /* Shopping ListTests */ = {
			isa = PBXNativeTarget;
			buildConfigurationList = A3D0877518A3DC240087FF64 /* Build configuration list for PBXNativeTarget "Shopping ListTests" */;
			buildPhases = (
				A3D0875C18A3DC240087FF64 /* Sources */,
				A3D0875D18A3DC240087FF64 /* Frameworks */,
				A3D0875E18A3DC240087FF64 /* Resources */,
			);
			buildRules = (
			);
			dependencies = (
				A3D0876718A3DC240087FF64 /* PBXTargetDependency */,
			);
			name = "Shopping ListTests";
			productName = "Shopping ListTests";
			productReference = A3D0876018A3DC240087FF64 /* Shopping ListTests.xctest */;
			productType = "com.apple.product-type.bundle.unit-test";
		};
/* End PBXNativeTarget section */

/* Begin PBXProject section */
		A3D0873818A3DC230087FF64 /* Project object */ = {
			isa = PBXProject;
			attributes = {
				LastUpgradeCheck = 0500;
				ORGANIZATIONNAME = "Mario Cecchi";
				TargetAttributes = {
					A3D0875F18A3DC240087FF64 = {
						TestTargetID = A3D0873F18A3DC230087FF64;
					};
				};
			};
			buildConfigurationList = A3D0873B18A3DC230087FF64 /* Build configuration list for PBXProject "Shopping List" */;
			compatibilityVersion = "Xcode 3.2";
			developmentRegion = English;
			hasScannedForEncodings = 0;
			knownRegions = (
				en,
				es,
				ru,
			);
			mainGroup = A3D0873718A3DC230087FF64;
			productRefGroup = A3D0874118A3DC230087FF64 /* Products */;
			projectDirPath = "";
			projectRoot = "";
			targets = (
				A3D0873F18A3DC230087FF64 /* Shopping List */,
				A3D0875F18A3DC240087FF64 /* Shopping ListTests */,
			);
		};
/* End PBXProject section */

/* Begin PBXResourcesBuildPhase section */
		A3D0873E18A3DC230087FF64 /* Resources */ = {
			isa = PBXResourcesBuildPhase;
			buildActionMask = 2147483647;
			files = (
				A3D0875018A3DC230087FF64 /* InfoPlist.strings in Resources */,
				A38E64AE18C612EB001AAD50 /* Arrow-Bucket.png in Resources */,
				A38E64B218C612EB001AAD50 /* MOOPullGesture.strings in Resources */,
				A38E64B118C612EB001AAD50 /* Circle-Arrow@2x.png in Resources */,
				A38E64B018C612EB001AAD50 /* Circle-Arrow.png in Resources */,
				A38E64AF18C612EB001AAD50 /* Arrow-Bucket@2x.png in Resources */,
				A3D0875B18A3DC240087FF64 /* Images.xcassets in Resources */,
				A3EE14ED18B1587400B5BB6D /* product@2x.png in Resources */,
				A3EE14EC18B1587400B5BB6D /* cart@2x.png in Resources */,
			);
			runOnlyForDeploymentPostprocessing = 0;
		};
		A3D0875E18A3DC240087FF64 /* Resources */ = {
			isa = PBXResourcesBuildPhase;
			buildActionMask = 2147483647;
			files = (
				A3D0876D18A3DC240087FF64 /* InfoPlist.strings in Resources */,
			);
			runOnlyForDeploymentPostprocessing = 0;
		};
/* End PBXResourcesBuildPhase section */

/* Begin PBXSourcesBuildPhase section */
		A3D0873C18A3DC230087FF64 /* Sources */ = {
			isa = PBXSourcesBuildPhase;
			buildActionMask = 2147483647;
			files = (
				A38E64AB18C612EB001AAD50 /* MOOCreateView.m in Sources */,
				A3D0875618A3DC240087FF64 /* AppDelegate.m in Sources */,
				A3E4C45A18A8620D00815144 /* ListViewController.m in Sources */,
				A36FA95318A40375002DCF8C /* ShoppingListsViewController.m in Sources */,
				A36FA94D18A4026F002DCF8C /* ShoppingItem.m in Sources */,
				A3D0875218A3DC240087FF64 /* main.m in Sources */,
				A3EE14F018B259BC00B5BB6D /* SelectListViewController.m in Sources */,
				A36FA94A18A4026E002DCF8C /* Product.m in Sources */,
				A3D0877A18A3DE0D0087FF64 /* ProductListViewController.m in Sources */,
				A3D0878618A3ECD50087FF64 /* Shopping_List.xcdatamodeld in Sources */,
				A38E64AD18C612EB001AAD50 /* MOORefreshView.m in Sources */,
				A36FA95018A4026F002DCF8C /* ShoppingList.m in Sources */,
				A3E4C45618A840E800815144 /* SelectItemsViewController.m in Sources */,
				A38E64AC18C612EB001AAD50 /* MOOPullGestureRecognizer.m in Sources */,
			);
			runOnlyForDeploymentPostprocessing = 0;
		};
		A3D0875C18A3DC240087FF64 /* Sources */ = {
			isa = PBXSourcesBuildPhase;
			buildActionMask = 2147483647;
			files = (
				A3D0876F18A3DC240087FF64 /* Shopping_ListTests.m in Sources */,
			);
			runOnlyForDeploymentPostprocessing = 0;
		};
/* End PBXSourcesBuildPhase section */

/* Begin PBXTargetDependency section */
		A3D0876718A3DC240087FF64 /* PBXTargetDependency */ = {
			isa = PBXTargetDependency;
			target = A3D0873F18A3DC230087FF64 /* Shopping List */;
			targetProxy = A3D0876618A3DC240087FF64 /* PBXContainerItemProxy */;
		};
/* End PBXTargetDependency section */

/* Begin PBXVariantGroup section */
		A38E64A718C612EB001AAD50 /* MOOPullGesture.strings */ = {
			isa = PBXVariantGroup;
			children = (
				A38E64A818C612EB001AAD50 /* en */,
				A38E64A918C612EB001AAD50 /* es */,
				A38E64AA18C612EB001AAD50 /* ru */,
			);
			name = MOOPullGesture.strings;
			sourceTree = "<group>";
		};
		A3D0874E18A3DC230087FF64 /* InfoPlist.strings */ = {
			isa = PBXVariantGroup;
			children = (
				A3D0874F18A3DC230087FF64 /* en */,
			);
			name = InfoPlist.strings;
			sourceTree = "<group>";
		};
		A3D0876B18A3DC240087FF64 /* InfoPlist.strings */ = {
			isa = PBXVariantGroup;
			children = (
				A3D0876C18A3DC240087FF64 /* en */,
			);
			name = InfoPlist.strings;
			sourceTree = "<group>";
		};
/* End PBXVariantGroup section */

/* Begin XCBuildConfiguration section */
		A3D0877018A3DC240087FF64 /* Debug */ = {
			isa = XCBuildConfiguration;
			buildSettings = {
				ALWAYS_SEARCH_USER_PATHS = NO;
				ARCHS = "$(ARCHS_STANDARD_INCLUDING_64_BIT)";
				CLANG_CXX_LANGUAGE_STANDARD = "gnu++0x";
				CLANG_CXX_LIBRARY = "libc++";
				CLANG_ENABLE_MODULES = YES;
				CLANG_ENABLE_OBJC_ARC = YES;
				CLANG_WARN_BOOL_CONVERSION = YES;
				CLANG_WARN_CONSTANT_CONVERSION = YES;
				CLANG_WARN_DIRECT_OBJC_ISA_USAGE = YES_ERROR;
				CLANG_WARN_EMPTY_BODY = YES;
				CLANG_WARN_ENUM_CONVERSION = YES;
				CLANG_WARN_INT_CONVERSION = YES;
				CLANG_WARN_OBJC_ROOT_CLASS = YES_ERROR;
				CLANG_WARN__DUPLICATE_METHOD_MATCH = YES;
				"CODE_SIGN_IDENTITY[sdk=iphoneos*]" = "iPhone Developer";
				COPY_PHASE_STRIP = NO;
				GCC_C_LANGUAGE_STANDARD = gnu99;
				GCC_DYNAMIC_NO_PIC = NO;
				GCC_OPTIMIZATION_LEVEL = 0;
				GCC_PREPROCESSOR_DEFINITIONS = (
					"DEBUG=1",
					"$(inherited)",
				);
				GCC_SYMBOLS_PRIVATE_EXTERN = NO;
				GCC_WARN_64_TO_32_BIT_CONVERSION = YES;
				GCC_WARN_ABOUT_RETURN_TYPE = YES_ERROR;
				GCC_WARN_UNDECLARED_SELECTOR = YES;
				GCC_WARN_UNINITIALIZED_AUTOS = YES;
				GCC_WARN_UNUSED_FUNCTION = YES;
				GCC_WARN_UNUSED_VARIABLE = YES;
				IPHONEOS_DEPLOYMENT_TARGET = 7.0;
				ONLY_ACTIVE_ARCH = YES;
				SDKROOT = iphoneos;
			};
			name = Debug;
		};
		A3D0877118A3DC240087FF64 /* Release */ = {
			isa = XCBuildConfiguration;
			buildSettings = {
				ALWAYS_SEARCH_USER_PATHS = NO;
				ARCHS = "$(ARCHS_STANDARD_INCLUDING_64_BIT)";
				CLANG_CXX_LANGUAGE_STANDARD = "gnu++0x";
				CLANG_CXX_LIBRARY = "libc++";
				CLANG_ENABLE_MODULES = YES;
				CLANG_ENABLE_OBJC_ARC = YES;
				CLANG_WARN_BOOL_CONVERSION = YES;
				CLANG_WARN_CONSTANT_CONVERSION = YES;
				CLANG_WARN_DIRECT_OBJC_ISA_USAGE = YES_ERROR;
				CLANG_WARN_EMPTY_BODY = YES;
				CLANG_WARN_ENUM_CONVERSION = YES;
				CLANG_WARN_INT_CONVERSION = YES;
				CLANG_WARN_OBJC_ROOT_CLASS = YES_ERROR;
				CLANG_WARN__DUPLICATE_METHOD_MATCH = YES;
				"CODE_SIGN_IDENTITY[sdk=iphoneos*]" = "iPhone Developer";
				COPY_PHASE_STRIP = YES;
				ENABLE_NS_ASSERTIONS = NO;
				GCC_C_LANGUAGE_STANDARD = gnu99;
				GCC_WARN_64_TO_32_BIT_CONVERSION = YES;
				GCC_WARN_ABOUT_RETURN_TYPE = YES_ERROR;
				GCC_WARN_UNDECLARED_SELECTOR = YES;
				GCC_WARN_UNINITIALIZED_AUTOS = YES;
				GCC_WARN_UNUSED_FUNCTION = YES;
				GCC_WARN_UNUSED_VARIABLE = YES;
				IPHONEOS_DEPLOYMENT_TARGET = 7.0;
				SDKROOT = iphoneos;
				VALIDATE_PRODUCT = YES;
			};
			name = Release;
		};
		A3D0877318A3DC240087FF64 /* Debug */ = {
			isa = XCBuildConfiguration;
			buildSettings = {
				ASSETCATALOG_COMPILER_APPICON_NAME = AppIcon;
				ASSETCATALOG_COMPILER_LAUNCHIMAGE_NAME = LaunchImage;
				GCC_PRECOMPILE_PREFIX_HEADER = YES;
				GCC_PREFIX_HEADER = "Shopping List/Shopping List-Prefix.pch";
				INFOPLIST_FILE = "Shopping List/Shopping List-Info.plist";
				PRODUCT_NAME = "$(TARGET_NAME)";
				WRAPPER_EXTENSION = app;
			};
			name = Debug;
		};
		A3D0877418A3DC240087FF64 /* Release */ = {
			isa = XCBuildConfiguration;
			buildSettings = {
				ASSETCATALOG_COMPILER_APPICON_NAME = AppIcon;
				ASSETCATALOG_COMPILER_LAUNCHIMAGE_NAME = LaunchImage;
				GCC_PRECOMPILE_PREFIX_HEADER = YES;
				GCC_PREFIX_HEADER = "Shopping List/Shopping List-Prefix.pch";
				INFOPLIST_FILE = "Shopping List/Shopping List-Info.plist";
				PRODUCT_NAME = "$(TARGET_NAME)";
				WRAPPER_EXTENSION = app;
			};
			name = Release;
		};
		A3D0877618A3DC240087FF64 /* Debug */ = {
			isa = XCBuildConfiguration;
			buildSettings = {
				ARCHS = "$(ARCHS_STANDARD_INCLUDING_64_BIT)";
				BUNDLE_LOADER = "$(BUILT_PRODUCTS_DIR)/Shopping List.app/Shopping List";
				FRAMEWORK_SEARCH_PATHS = (
					"$(SDKROOT)/Developer/Library/Frameworks",
					"$(inherited)",
					"$(DEVELOPER_FRAMEWORKS_DIR)",
				);
				GCC_PRECOMPILE_PREFIX_HEADER = YES;
				GCC_PREFIX_HEADER = "Shopping List/Shopping List-Prefix.pch";
				GCC_PREPROCESSOR_DEFINITIONS = (
					"DEBUG=1",
					"$(inherited)",
				);
				INFOPLIST_FILE = "Shopping ListTests/Shopping ListTests-Info.plist";
				PRODUCT_NAME = "$(TARGET_NAME)";
				TEST_HOST = "$(BUNDLE_LOADER)";
				WRAPPER_EXTENSION = xctest;
			};
			name = Debug;
		};
		A3D0877718A3DC240087FF64 /* Release */ = {
			isa = XCBuildConfiguration;
			buildSettings = {
				ARCHS = "$(ARCHS_STANDARD_INCLUDING_64_BIT)";
				BUNDLE_LOADER = "$(BUILT_PRODUCTS_DIR)/Shopping List.app/Shopping List";
				FRAMEWORK_SEARCH_PATHS = (
					"$(SDKROOT)/Developer/Library/Frameworks",
					"$(inherited)",
					"$(DEVELOPER_FRAMEWORKS_DIR)",
				);
				GCC_PRECOMPILE_PREFIX_HEADER = YES;
				GCC_PREFIX_HEADER = "Shopping List/Shopping List-Prefix.pch";
				INFOPLIST_FILE = "Shopping ListTests/Shopping ListTests-Info.plist";
				PRODUCT_NAME = "$(TARGET_NAME)";
				TEST_HOST = "$(BUNDLE_LOADER)";
				WRAPPER_EXTENSION = xctest;
			};
			name = Release;
		};
/* End XCBuildConfiguration section */

/* Begin XCConfigurationList section */
		A3D0873B18A3DC230087FF64 /* Build configuration list for PBXProject "Shopping List" */ = {
			isa = XCConfigurationList;
			buildConfigurations = (
				A3D0877018A3DC240087FF64 /* Debug */,
				A3D0877118A3DC240087FF64 /* Release */,
			);
			defaultConfigurationIsVisible = 0;
			defaultConfigurationName = Release;
		};
		A3D0877218A3DC240087FF64 /* Build configuration list for PBXNativeTarget "Shopping List" */ = {
			isa = XCConfigurationList;
			buildConfigurations = (
				A3D0877318A3DC240087FF64 /* Debug */,
				A3D0877418A3DC240087FF64 /* Release */,
			);
			defaultConfigurationIsVisible = 0;
			defaultConfigurationName = Release;
		};
		A3D0877518A3DC240087FF64 /* Build configuration list for PBXNativeTarget "Shopping ListTests" */ = {
			isa = XCConfigurationList;
			buildConfigurations = (
				A3D0877618A3DC240087FF64 /* Debug */,
				A3D0877718A3DC240087FF64 /* Release */,
			);
			defaultConfigurationIsVisible = 0;
			defaultConfigurationName = Release;
		};
/* End XCConfigurationList section */

/* Begin XCVersionGroup section */
		A3D0878318A3ECD50087FF64 /* Shopping_List.xcdatamodeld */ = {
			isa = XCVersionGroup;
			children = (
				A3D0878418A3ECD50087FF64 /* Shopping_List 2.xcdatamodel */,
				A3D0878518A3ECD50087FF64 /* Shopping_List.xcdatamodel */,
			);
			currentVersion = A3D0878418A3ECD50087FF64 /* Shopping_List 2.xcdatamodel */;
			path = Shopping_List.xcdatamodeld;
			sourceTree = "<group>";
			versionGroupType = wrapper.xcdatamodel;
		};
/* End XCVersionGroup section */
	};
	rootObject = A3D0873818A3DC230087FF64 /* Project object */;
}
